
Microsoft Visual Studio Solution File, Format Version 12.00
# Visual Studio Version 17
VisualStudioVersion = 17.11.35303.130
MinimumVisualStudioVersion = 10.0.40219.1
Project("{FAE04EC0-301F-11D3-BF4B-00C04F79EFBC}") = "OceanOfTheSea", "OceanOfTheSea\OceanOfTheSea.csproj", "{978E0F74-A56A-484D-8FEC-5C45BC2276F5}"
EndProject
Global
	GlobalSection(SolutionConfigurationPlatforms) = preSolution
		Debug|Any CPU = Debug|Any CPU
		Release|Any CPU = Release|Any CPU
	EndGlobalSection
	GlobalSection(ProjectConfigurationPlatforms) = postSolution
		{978E0F74-A56A-484D-8FEC-5C45BC2276F5}.Debug|Any CPU.ActiveCfg = Debug|Any CPU
		{978E0F74-A56A-484D-8FEC-5C45BC2276F5}.Debug|Any CPU.Build.0 = Debug|Any CPU
		{978E0F74-A56A-484D-8FEC-5C45BC2276F5}.Release|Any CPU.ActiveCfg = Release|Any CPU
		{978E0F74-A56A-484D-8FEC-5C45BC2276F5}.Release|Any CPU.Build.0 = Release|Any CPU
	EndGlobalSection
	GlobalSection(SolutionProperties) = preSolution
		HideSolutionNode = FALSE
	EndGlobalSection
	GlobalSection(ExtensibilityGlobals) = postSolution
		SolutionGuid = {CB3A74B1-2DF7-4E46-831F-5F96F53327DB}
	EndGlobalSection
EndGlobal
